
Microsoft Visual Studio Solution File, Format Version 12.00
# Visual Studio Version 16
VisualStudioVersion = 16.0.33927.289
MinimumVisualStudioVersion = 10.0.40219.1
Project("{2150E333-8FDC-42A3-9474-1A3956D46DE8}") = "Task0", "Task0", "{714E47BD-FBA2-4AFE-B2F9-A304285AF6D1}"
EndProject
Project("{FAE04EC0-301F-11D3-BF4B-00C04F79EFBC}") = "Tyuiu.ZhdanovaAA.Sprint3.Task0.V10", "Tyuiu.ZhdanovaAA.Sprint3.Task0.V10\Tyuiu.ZhdanovaAA.Sprint3.Task0.V10.csproj", "{3AE3200A-1BF8-4BB8-A95D-245C09107E60}"
EndProject
Project("{FAE04EC0-301F-11D3-BF4B-00C04F79EFBC}") = "Tyuiu.ZhdanovaAA.Sprint3.Task0.V10.Lib", "Tyuiu.ZhdanovaAA.Sprint3.Task0.V10.Lib\Tyuiu.ZhdanovaAA.Sprint3.Task0.V10.Lib.csproj", "{ECB87AA8-4312-4E5C-B460-5E84A2549D19}"
EndProject
Project("{FAE04EC0-301F-11D3-BF4B-00C04F79EFBC}") = "Tyuiu.ZhdanovaAA.Sprint3.Task0.V10.Test", "Tyuiu.ZhdanovaAA.Sprint3.Task0.V10.Test\Tyuiu.ZhdanovaAA.Sprint3.Task0.V10.Test.csproj", "{27CF9F88-1A75-45DF-B531-8B283A80506B}"
EndProject
Project("{2150E333-8FDC-42A3-9474-1A3956D46DE8}") = "Task1", "Task1", "{2CB74AEA-011B-4BA0-A0B3-71D073B201BC}"
EndProject
Project("{FAE04EC0-301F-11D3-BF4B-00C04F79EFBC}") = "Tyuiu.ZhdanovaAA.Sprint3.Task1.V11", "Tyuiu.ZhdanovaAA.Sprint3.Task1.V11\Tyuiu.ZhdanovaAA.Sprint3.Task1.V11.csproj", "{1DF1612E-E71C-4600-91E0-7B1EA0CCFDD9}"
EndProject
Project("{FAE04EC0-301F-11D3-BF4B-00C04F79EFBC}") = "Tyuiu.ZhdanovaAA.Sprint3.Task1.V11.Test", "Tyuiu.ZhdanovaAA.Sprint3.Task1.V11.Test\Tyuiu.ZhdanovaAA.Sprint3.Task1.V11.Test.csproj", "{05234540-FE08-4F89-A3BC-AEEF413B2F13}"
EndProject
Project("{FAE04EC0-301F-11D3-BF4B-00C04F79EFBC}") = "Tyuiu.ZhdanovaAA.Sprint3.Task1.V11.Lib", "Tyuiu.ZhdanovaAA.Sprint3.Task1.V11.Lib\Tyuiu.ZhdanovaAA.Sprint3.Task1.V11.Lib.csproj", "{8C9CCC8D-A8A2-4E23-914C-77ECD731A18A}"
EndProject
Project("{2150E333-8FDC-42A3-9474-1A3956D46DE8}") = "Task2", "Task2", "{31579CA8-DEAA-4E5C-B1E4-76FD722E315A}"
EndProject
Project("{FAE04EC0-301F-11D3-BF4B-00C04F79EFBC}") = "Tyuiu.ZhdanovaAA.Sprint3.Task2.V29", "Tyuiu.ZhdanovaAA.Sprint3.Task2.V29\Tyuiu.ZhdanovaAA.Sprint3.Task2.V29.csproj", "{A95BD103-C136-4D23-AEB3-41694C979443}"
EndProject
Project("{FAE04EC0-301F-11D3-BF4B-00C04F79EFBC}") = "Tyuiu.ZhdanovaAA.Sprint3.Task2.V29.Test", "Tyuiu.ZhdanovaAA.Sprint3.Task2.V29.Test\Tyuiu.ZhdanovaAA.Sprint3.Task2.V29.Test.csproj", "{BE3F3A92-A814-47B6-8962-D88694C15EE0}"
EndProject
Project("{FAE04EC0-301F-11D3-BF4B-00C04F79EFBC}") = "Tyuiu.ZhdanovaAA.Sprint3.Task2.V29.Lib", "Tyuiu.ZhdanovaAA.Sprint3.Task2.V29.Lib\Tyuiu.ZhdanovaAA.Sprint3.Task2.V29.Lib.csproj", "{80F37DC9-FC80-426B-A8BB-B49E0DA2EAA2}"
EndProject
Global
	GlobalSection(SolutionConfigurationPlatforms) = preSolution
		Debug|Any CPU = Debug|Any CPU
		Release|Any CPU = Release|Any CPU
	EndGlobalSection
	GlobalSection(ProjectConfigurationPlatforms) = postSolution
		{3AE3200A-1BF8-4BB8-A95D-245C09107E60}.Debug|Any CPU.ActiveCfg = Debug|Any CPU
		{3AE3200A-1BF8-4BB8-A95D-245C09107E60}.Debug|Any CPU.Build.0 = Debug|Any CPU
		{3AE3200A-1BF8-4BB8-A95D-245C09107E60}.Release|Any CPU.ActiveCfg = Release|Any CPU
		{3AE3200A-1BF8-4BB8-A95D-245C09107E60}.Release|Any CPU.Build.0 = Release|Any CPU
		{ECB87AA8-4312-4E5C-B460-5E84A2549D19}.Debug|Any CPU.ActiveCfg = Debug|Any CPU
		{ECB87AA8-4312-4E5C-B460-5E84A2549D19}.Debug|Any CPU.Build.0 = Debug|Any CPU
		{ECB87AA8-4312-4E5C-B460-5E84A2549D19}.Release|Any CPU.ActiveCfg = Release|Any CPU
		{ECB87AA8-4312-4E5C-B460-5E84A2549D19}.Release|Any CPU.Build.0 = Release|Any CPU
		{27CF9F88-1A75-45DF-B531-8B283A80506B}.Debug|Any CPU.ActiveCfg = Debug|Any CPU
		{27CF9F88-1A75-45DF-B531-8B283A80506B}.Debug|Any CPU.Build.0 = Debug|Any CPU
		{27CF9F88-1A75-45DF-B531-8B283A80506B}.Release|Any CPU.ActiveCfg = Release|Any CPU
		{27CF9F88-1A75-45DF-B531-8B283A80506B}.Release|Any CPU.Build.0 = Release|Any CPU
		{1DF1612E-E71C-4600-91E0-7B1EA0CCFDD9}.Debug|Any CPU.ActiveCfg = Debug|Any CPU
		{1DF1612E-E71C-4600-91E0-7B1EA0CCFDD9}.Debug|Any CPU.Build.0 = Debug|Any CPU
		{1DF1612E-E71C-4600-91E0-7B1EA0CCFDD9}.Release|Any CPU.ActiveCfg = Release|Any CPU
		{1DF1612E-E71C-4600-91E0-7B1EA0CCFDD9}.Release|Any CPU.Build.0 = Release|Any CPU
		{05234540-FE08-4F89-A3BC-AEEF413B2F13}.Debug|Any CPU.ActiveCfg = Debug|Any CPU
		{05234540-FE08-4F89-A3BC-AEEF413B2F13}.Debug|Any CPU.Build.0 = Debug|Any CPU
		{05234540-FE08-4F89-A3BC-AEEF413B2F13}.Release|Any CPU.ActiveCfg = Release|Any CPU
		{05234540-FE08-4F89-A3BC-AEEF413B2F13}.Release|Any CPU.Build.0 = Release|Any CPU
		{8C9CCC8D-A8A2-4E23-914C-77ECD731A18A}.Debug|Any CPU.ActiveCfg = Debug|Any CPU
		{8C9CCC8D-A8A2-4E23-914C-77ECD731A18A}.Debug|Any CPU.Build.0 = Debug|Any CPU
		{8C9CCC8D-A8A2-4E23-914C-77ECD731A18A}.Release|Any CPU.ActiveCfg = Release|Any CPU
		{8C9CCC8D-A8A2-4E23-914C-77ECD731A18A}.Release|Any CPU.Build.0 = Release|Any CPU
		{A95BD103-C136-4D23-AEB3-41694C979443}.Debug|Any CPU.ActiveCfg = Debug|Any CPU
		{A95BD103-C136-4D23-AEB3-41694C979443}.Debug|Any CPU.Build.0 = Debug|Any CPU
		{A95BD103-C136-4D23-AEB3-41694C979443}.Release|Any CPU.ActiveCfg = Release|Any CPU
		{A95BD103-C136-4D23-AEB3-41694C979443}.Release|Any CPU.Build.0 = Release|Any CPU
		{BE3F3A92-A814-47B6-8962-D88694C15EE0}.Debug|Any CPU.ActiveCfg = Debug|Any CPU
		{BE3F3A92-A814-47B6-8962-D88694C15EE0}.Debug|Any CPU.Build.0 = Debug|Any CPU
		{BE3F3A92-A814-47B6-8962-D88694C15EE0}.Release|Any CPU.ActiveCfg = Release|Any CPU
		{BE3F3A92-A814-47B6-8962-D88694C15EE0}.Release|Any CPU.Build.0 = Release|Any CPU
		{80F37DC9-FC80-426B-A8BB-B49E0DA2EAA2}.Debug|Any CPU.ActiveCfg = Debug|Any CPU
		{80F37DC9-FC80-426B-A8BB-B49E0DA2EAA2}.Debug|Any CPU.Build.0 = Debug|Any CPU
		{80F37DC9-FC80-426B-A8BB-B49E0DA2EAA2}.Release|Any CPU.ActiveCfg = Release|Any CPU
		{80F37DC9-FC80-426B-A8BB-B49E0DA2EAA2}.Release|Any CPU.Build.0 = Release|Any CPU
	EndGlobalSection
	GlobalSection(SolutionProperties) = preSolution
		HideSolutionNode = FALSE
	EndGlobalSection
	GlobalSection(NestedProjects) = preSolution
		{3AE3200A-1BF8-4BB8-A95D-245C09107E60} = {714E47BD-FBA2-4AFE-B2F9-A304285AF6D1}
		{ECB87AA8-4312-4E5C-B460-5E84A2549D19} = {714E47BD-FBA2-4AFE-B2F9-A304285AF6D1}
		{27CF9F88-1A75-45DF-B531-8B283A80506B} = {714E47BD-FBA2-4AFE-B2F9-A304285AF6D1}
		{1DF1612E-E71C-4600-91E0-7B1EA0CCFDD9} = {2CB74AEA-011B-4BA0-A0B3-71D073B201BC}
		{05234540-FE08-4F89-A3BC-AEEF413B2F13} = {2CB74AEA-011B-4BA0-A0B3-71D073B201BC}
		{8C9CCC8D-A8A2-4E23-914C-77ECD731A18A} = {2CB74AEA-011B-4BA0-A0B3-71D073B201BC}
		{A95BD103-C136-4D23-AEB3-41694C979443} = {31579CA8-DEAA-4E5C-B1E4-76FD722E315A}
		{BE3F3A92-A814-47B6-8962-D88694C15EE0} = {31579CA8-DEAA-4E5C-B1E4-76FD722E315A}
		{80F37DC9-FC80-426B-A8BB-B49E0DA2EAA2} = {31579CA8-DEAA-4E5C-B1E4-76FD722E315A}
	EndGlobalSection
	GlobalSection(ExtensibilityGlobals) = postSolution
		SolutionGuid = {03A24730-FBCB-4201-92DA-E8321C89056F}
	EndGlobalSection
EndGlobal
