
Microsoft Visual Studio Solution File, Format Version 12.00
# Visual Studio Version 16
VisualStudioVersion = 16.0.33927.289
MinimumVisualStudioVersion = 10.0.40219.1
Project("{2150E333-8FDC-42A3-9474-1A3956D46DE8}") = "Task0", "Task0", "{714E47BD-FBA2-4AFE-B2F9-A304285AF6D1}"
EndProject
Project("{FAE04EC0-301F-11D3-BF4B-00C04F79EFBC}") = "Tyuiu.ZhdanovaAA.Sprint3.Task0.V10", "Tyuiu.ZhdanovaAA.Sprint3.Task0.V10\Tyuiu.ZhdanovaAA.Sprint3.Task0.V10.csproj", "{3AE3200A-1BF8-4BB8-A95D-245C09107E60}"
EndProject
Project("{FAE04EC0-301F-11D3-BF4B-00C04F79EFBC}") = "Tyuiu.ZhdanovaAA.Sprint3.Task0.V10.Lib", "Tyuiu.ZhdanovaAA.Sprint3.Task0.V10.Lib\Tyuiu.ZhdanovaAA.Sprint3.Task0.V10.Lib.csproj", "{ECB87AA8-4312-4E5C-B460-5E84A2549D19}"
EndProject
Project("{FAE04EC0-301F-11D3-BF4B-00C04F79EFBC}") = "Tyuiu.ZhdanovaAA.Sprint3.Task0.V10.Test", "Tyuiu.ZhdanovaAA.Sprint3.Task0.V10.Test\Tyuiu.ZhdanovaAA.Sprint3.Task0.V10.Test.csproj", "{27CF9F88-1A75-45DF-B531-8B283A80506B}"
EndProject
Project("{2150E333-8FDC-42A3-9474-1A3956D46DE8}") = "Task1", "Task1", "{2CB74AEA-011B-4BA0-A0B3-71D073B201BC}"
EndProject
Project("{FAE04EC0-301F-11D3-BF4B-00C04F79EFBC}") = "Tyuiu.ZhdanovaAA.Sprint3.Task1.V11", "Tyuiu.ZhdanovaAA.Sprint3.Task1.V11\Tyuiu.ZhdanovaAA.Sprint3.Task1.V11.csproj", "{1DF1612E-E71C-4600-91E0-7B1EA0CCFDD9}"
EndProject
Project("{FAE04EC0-301F-11D3-BF4B-00C04F79EFBC}") = "Tyuiu.ZhdanovaAA.Sprint3.Task1.V11.Test", "Tyuiu.ZhdanovaAA.Sprint3.Task1.V11.Test\Tyuiu.ZhdanovaAA.Sprint3.Task1.V11.Test.csproj", "{05234540-FE08-4F89-A3BC-AEEF413B2F13}"
EndProject
Project("{FAE04EC0-301F-11D3-BF4B-00C04F79EFBC}") = "Tyuiu.ZhdanovaAA.Sprint3.Task1.V11.Lib", "Tyuiu.ZhdanovaAA.Sprint3.Task1.V11.Lib\Tyuiu.ZhdanovaAA.Sprint3.Task1.V11.Lib.csproj", "{8C9CCC8D-A8A2-4E23-914C-77ECD731A18A}"
EndProject
Project("{2150E333-8FDC-42A3-9474-1A3956D46DE8}") = "Task2", "Task2", "{31579CA8-DEAA-4E5C-B1E4-76FD722E315A}"
EndProject
Project("{FAE04EC0-301F-11D3-BF4B-00C04F79EFBC}") = "Tyuiu.ZhdanovaAA.Sprint3.Task2.V29", "Tyuiu.ZhdanovaAA.Sprint3.Task2.V29\Tyuiu.ZhdanovaAA.Sprint3.Task2.V29.csproj", "{A95BD103-C136-4D23-AEB3-41694C979443}"
EndProject
Project("{FAE04EC0-301F-11D3-BF4B-00C04F79EFBC}") = "Tyuiu.ZhdanovaAA.Sprint3.Task2.V29.Test", "Tyuiu.ZhdanovaAA.Sprint3.Task2.V29.Test\Tyuiu.ZhdanovaAA.Sprint3.Task2.V29.Test.csproj", "{BE3F3A92-A814-47B6-8962-D88694C15EE0}"
EndProject
Project("{FAE04EC0-301F-11D3-BF4B-00C04F79EFBC}") = "Tyuiu.ZhdanovaAA.Sprint3.Task2.V29.Lib", "Tyuiu.ZhdanovaAA.Sprint3.Task2.V29.Lib\Tyuiu.ZhdanovaAA.Sprint3.Task2.V29.Lib.csproj", "{80F37DC9-FC80-426B-A8BB-B49E0DA2EAA2}"
EndProject
Project("{2150E333-8FDC-42A3-9474-1A3956D46DE8}") = "Task3", "Task3", "{7723E4B0-60C5-4D90-BFF6-C8B1D4AE261F}"
EndProject
Project("{FAE04EC0-301F-11D3-BF4B-00C04F79EFBC}") = "Tyuiu.ZhdanovaAA.Sprint3.Task3.V20", "Tyuiu.ZhdanovaAA.Sprint3.Task3.V20\Tyuiu.ZhdanovaAA.Sprint3.Task3.V20.csproj", "{A4588AE3-6C49-4579-A888-9725523AFE8C}"
EndProject
Project("{FAE04EC0-301F-11D3-BF4B-00C04F79EFBC}") = "Tyuiu.ZhdanovaAA.Sprint3.Task3.V20.Test", "Tyuiu.ZhdanovaAA.Sprint3.Task3.V20.Test\Tyuiu.ZhdanovaAA.Sprint3.Task3.V20.Test.csproj", "{DE6EEC81-65C0-454D-895E-4ABDD9A4609D}"
EndProject
Project("{FAE04EC0-301F-11D3-BF4B-00C04F79EFBC}") = "Tyuiu.ZhdanovaAA.Sprint3.Task3.V20.Lib", "Tyuiu.ZhdanovaAA.Sprint3.Task3.V20.Lib\Tyuiu.ZhdanovaAA.Sprint3.Task3.V20.Lib.csproj", "{8565382D-211D-47BD-A2A4-5213A2122D4B}"
EndProject
Project("{2150E333-8FDC-42A3-9474-1A3956D46DE8}") = "Task4", "Task4", "{7ADB0F7D-EB76-41EE-AB45-2B2E15E889D5}"
EndProject
Project("{FAE04EC0-301F-11D3-BF4B-00C04F79EFBC}") = "Tyuiu.ZhdanovaAA.Sprint3.Task4.V6", "Tyuiu.ZhdanovaAA.Sprint3.Task4.V6\Tyuiu.ZhdanovaAA.Sprint3.Task4.V6.csproj", "{B8CDED10-6A05-4EF1-9444-E52F3D8BED29}"
EndProject
Project("{FAE04EC0-301F-11D3-BF4B-00C04F79EFBC}") = "Tyuiu.ZhdanovaAA.Sprint3.Task4.V6.Test", "Tyuiu.ZhdanovaAA.Sprint3.Task4.V6.Test\Tyuiu.ZhdanovaAA.Sprint3.Task4.V6.Test.csproj", "{8101FA5E-23DE-44FD-96A0-153E5792B6E6}"
EndProject
Project("{FAE04EC0-301F-11D3-BF4B-00C04F79EFBC}") = "Tyuiu.ZhdanovaAA.Sprint3.Task4.V6.Lib", "Tyuiu.ZhdanovaAA.Sprint3.Task4.V6.Lib\Tyuiu.ZhdanovaAA.Sprint3.Task4.V6.Lib.csproj", "{D5FE21B6-DC09-4E24-A1C8-10F3F319497E}"
EndProject
Project("{2150E333-8FDC-42A3-9474-1A3956D46DE8}") = "Task5", "Task5", "{6CF8475F-C656-47CC-8DD3-0A14E9F5CAE7}"
EndProject
Project("{FAE04EC0-301F-11D3-BF4B-00C04F79EFBC}") = "Tyuiu.ZhdanovaAA.Sprint3.Task5.V3", "Tyuiu.ZhdanovaAA.Sprint3.Task5.V3\Tyuiu.ZhdanovaAA.Sprint3.Task5.V3.csproj", "{E3A231A7-7C67-447A-A866-C1C7866C837C}"
EndProject
Project("{FAE04EC0-301F-11D3-BF4B-00C04F79EFBC}") = "Tyuiu.ZhdanovaAA.Sprint3.Task5.V3.Test", "Tyuiu.ZhdanovaAA.Sprint3.Task5.V3.Test\Tyuiu.ZhdanovaAA.Sprint3.Task5.V3.Test.csproj", "{D30FE0B5-5605-456A-949B-A9BE594F3E52}"
EndProject
Project("{FAE04EC0-301F-11D3-BF4B-00C04F79EFBC}") = "Tyuiu.ZhdanovaAA.Sprint3.Task5.V3.Lib", "Tyuiu.ZhdanovaAA.Sprint3.Task5.V3.Lib\Tyuiu.ZhdanovaAA.Sprint3.Task5.V3.Lib.csproj", "{9C3748BC-0023-4F8C-B513-67B7A9784A66}"
EndProject
Project("{2150E333-8FDC-42A3-9474-1A3956D46DE8}") = "Task6", "Task6", "{F391AB6C-FC80-4429-A311-359932A81416}"
EndProject
Project("{FAE04EC0-301F-11D3-BF4B-00C04F79EFBC}") = "Tyuiu.ZhdanovaAA.Sprint3.Task6.V13", "Tyuiu.ZhdanovaAA.Sprint3.Task6.V13\Tyuiu.ZhdanovaAA.Sprint3.Task6.V13.csproj", "{B03C1280-5E79-4EE1-A66B-0A410AA78598}"
EndProject
Project("{FAE04EC0-301F-11D3-BF4B-00C04F79EFBC}") = "Tyuiu.ZhdanovaAA.Sprint3.Task6.V13.Test", "Tyuiu.ZhdanovaAA.Sprint3.Task6.V13.Test\Tyuiu.ZhdanovaAA.Sprint3.Task6.V13.Test.csproj", "{5F58913C-1114-4CE6-B44D-1BDB49C95D7A}"
EndProject
Project("{FAE04EC0-301F-11D3-BF4B-00C04F79EFBC}") = "Tyuiu.ZhdanovaAA.Sprint3.Task6.V13.Lib", "Tyuiu.ZhdanovaAA.Sprint3.Task6.V13.Lib\Tyuiu.ZhdanovaAA.Sprint3.Task6.V13.Lib.csproj", "{9CA919B0-512B-4206-86A6-630B7BC2C476}"
EndProject
Global
	GlobalSection(SolutionConfigurationPlatforms) = preSolution
		Debug|Any CPU = Debug|Any CPU
		Release|Any CPU = Release|Any CPU
	EndGlobalSection
	GlobalSection(ProjectConfigurationPlatforms) = postSolution
		{3AE3200A-1BF8-4BB8-A95D-245C09107E60}.Debug|Any CPU.ActiveCfg = Debug|Any CPU
		{3AE3200A-1BF8-4BB8-A95D-245C09107E60}.Debug|Any CPU.Build.0 = Debug|Any CPU
		{3AE3200A-1BF8-4BB8-A95D-245C09107E60}.Release|Any CPU.ActiveCfg = Release|Any CPU
		{3AE3200A-1BF8-4BB8-A95D-245C09107E60}.Release|Any CPU.Build.0 = Release|Any CPU
		{ECB87AA8-4312-4E5C-B460-5E84A2549D19}.Debug|Any CPU.ActiveCfg = Debug|Any CPU
		{ECB87AA8-4312-4E5C-B460-5E84A2549D19}.Debug|Any CPU.Build.0 = Debug|Any CPU
		{ECB87AA8-4312-4E5C-B460-5E84A2549D19}.Release|Any CPU.ActiveCfg = Release|Any CPU
		{ECB87AA8-4312-4E5C-B460-5E84A2549D19}.Release|Any CPU.Build.0 = Release|Any CPU
		{27CF9F88-1A75-45DF-B531-8B283A80506B}.Debug|Any CPU.ActiveCfg = Debug|Any CPU
		{27CF9F88-1A75-45DF-B531-8B283A80506B}.Debug|Any CPU.Build.0 = Debug|Any CPU
		{27CF9F88-1A75-45DF-B531-8B283A80506B}.Release|Any CPU.ActiveCfg = Release|Any CPU
		{27CF9F88-1A75-45DF-B531-8B283A80506B}.Release|Any CPU.Build.0 = Release|Any CPU
		{1DF1612E-E71C-4600-91E0-7B1EA0CCFDD9}.Debug|Any CPU.ActiveCfg = Debug|Any CPU
		{1DF1612E-E71C-4600-91E0-7B1EA0CCFDD9}.Debug|Any CPU.Build.0 = Debug|Any CPU
		{1DF1612E-E71C-4600-91E0-7B1EA0CCFDD9}.Release|Any CPU.ActiveCfg = Release|Any CPU
		{1DF1612E-E71C-4600-91E0-7B1EA0CCFDD9}.Release|Any CPU.Build.0 = Release|Any CPU
		{05234540-FE08-4F89-A3BC-AEEF413B2F13}.Debug|Any CPU.ActiveCfg = Debug|Any CPU
		{05234540-FE08-4F89-A3BC-AEEF413B2F13}.Debug|Any CPU.Build.0 = Debug|Any CPU
		{05234540-FE08-4F89-A3BC-AEEF413B2F13}.Release|Any CPU.ActiveCfg = Release|Any CPU
		{05234540-FE08-4F89-A3BC-AEEF413B2F13}.Release|Any CPU.Build.0 = Release|Any CPU
		{8C9CCC8D-A8A2-4E23-914C-77ECD731A18A}.Debug|Any CPU.ActiveCfg = Debug|Any CPU
		{8C9CCC8D-A8A2-4E23-914C-77ECD731A18A}.Debug|Any CPU.Build.0 = Debug|Any CPU
		{8C9CCC8D-A8A2-4E23-914C-77ECD731A18A}.Release|Any CPU.ActiveCfg = Release|Any CPU
		{8C9CCC8D-A8A2-4E23-914C-77ECD731A18A}.Release|Any CPU.Build.0 = Release|Any CPU
		{A95BD103-C136-4D23-AEB3-41694C979443}.Debug|Any CPU.ActiveCfg = Debug|Any CPU
		{A95BD103-C136-4D23-AEB3-41694C979443}.Debug|Any CPU.Build.0 = Debug|Any CPU
		{A95BD103-C136-4D23-AEB3-41694C979443}.Release|Any CPU.ActiveCfg = Release|Any CPU
		{A95BD103-C136-4D23-AEB3-41694C979443}.Release|Any CPU.Build.0 = Release|Any CPU
		{BE3F3A92-A814-47B6-8962-D88694C15EE0}.Debug|Any CPU.ActiveCfg = Debug|Any CPU
		{BE3F3A92-A814-47B6-8962-D88694C15EE0}.Debug|Any CPU.Build.0 = Debug|Any CPU
		{BE3F3A92-A814-47B6-8962-D88694C15EE0}.Release|Any CPU.ActiveCfg = Release|Any CPU
		{BE3F3A92-A814-47B6-8962-D88694C15EE0}.Release|Any CPU.Build.0 = Release|Any CPU
		{80F37DC9-FC80-426B-A8BB-B49E0DA2EAA2}.Debug|Any CPU.ActiveCfg = Debug|Any CPU
		{80F37DC9-FC80-426B-A8BB-B49E0DA2EAA2}.Debug|Any CPU.Build.0 = Debug|Any CPU
		{80F37DC9-FC80-426B-A8BB-B49E0DA2EAA2}.Release|Any CPU.ActiveCfg = Release|Any CPU
		{80F37DC9-FC80-426B-A8BB-B49E0DA2EAA2}.Release|Any CPU.Build.0 = Release|Any CPU
		{A4588AE3-6C49-4579-A888-9725523AFE8C}.Debug|Any CPU.ActiveCfg = Debug|Any CPU
		{A4588AE3-6C49-4579-A888-9725523AFE8C}.Debug|Any CPU.Build.0 = Debug|Any CPU
		{A4588AE3-6C49-4579-A888-9725523AFE8C}.Release|Any CPU.ActiveCfg = Release|Any CPU
		{A4588AE3-6C49-4579-A888-9725523AFE8C}.Release|Any CPU.Build.0 = Release|Any CPU
		{DE6EEC81-65C0-454D-895E-4ABDD9A4609D}.Debug|Any CPU.ActiveCfg = Debug|Any CPU
		{DE6EEC81-65C0-454D-895E-4ABDD9A4609D}.Debug|Any CPU.Build.0 = Debug|Any CPU
		{DE6EEC81-65C0-454D-895E-4ABDD9A4609D}.Release|Any CPU.ActiveCfg = Release|Any CPU
		{DE6EEC81-65C0-454D-895E-4ABDD9A4609D}.Release|Any CPU.Build.0 = Release|Any CPU
		{8565382D-211D-47BD-A2A4-5213A2122D4B}.Debug|Any CPU.ActiveCfg = Debug|Any CPU
		{8565382D-211D-47BD-A2A4-5213A2122D4B}.Debug|Any CPU.Build.0 = Debug|Any CPU
		{8565382D-211D-47BD-A2A4-5213A2122D4B}.Release|Any CPU.ActiveCfg = Release|Any CPU
		{8565382D-211D-47BD-A2A4-5213A2122D4B}.Release|Any CPU.Build.0 = Release|Any CPU
		{B8CDED10-6A05-4EF1-9444-E52F3D8BED29}.Debug|Any CPU.ActiveCfg = Debug|Any CPU
		{B8CDED10-6A05-4EF1-9444-E52F3D8BED29}.Debug|Any CPU.Build.0 = Debug|Any CPU
		{B8CDED10-6A05-4EF1-9444-E52F3D8BED29}.Release|Any CPU.ActiveCfg = Release|Any CPU
		{B8CDED10-6A05-4EF1-9444-E52F3D8BED29}.Release|Any CPU.Build.0 = Release|Any CPU
		{8101FA5E-23DE-44FD-96A0-153E5792B6E6}.Debug|Any CPU.ActiveCfg = Debug|Any CPU
		{8101FA5E-23DE-44FD-96A0-153E5792B6E6}.Debug|Any CPU.Build.0 = Debug|Any CPU
		{8101FA5E-23DE-44FD-96A0-153E5792B6E6}.Release|Any CPU.ActiveCfg = Release|Any CPU
		{8101FA5E-23DE-44FD-96A0-153E5792B6E6}.Release|Any CPU.Build.0 = Release|Any CPU
		{D5FE21B6-DC09-4E24-A1C8-10F3F319497E}.Debug|Any CPU.ActiveCfg = Debug|Any CPU
		{D5FE21B6-DC09-4E24-A1C8-10F3F319497E}.Debug|Any CPU.Build.0 = Debug|Any CPU
		{D5FE21B6-DC09-4E24-A1C8-10F3F319497E}.Release|Any CPU.ActiveCfg = Release|Any CPU
		{D5FE21B6-DC09-4E24-A1C8-10F3F319497E}.Release|Any CPU.Build.0 = Release|Any CPU
		{E3A231A7-7C67-447A-A866-C1C7866C837C}.Debug|Any CPU.ActiveCfg = Debug|Any CPU
		{E3A231A7-7C67-447A-A866-C1C7866C837C}.Debug|Any CPU.Build.0 = Debug|Any CPU
		{E3A231A7-7C67-447A-A866-C1C7866C837C}.Release|Any CPU.ActiveCfg = Release|Any CPU
		{E3A231A7-7C67-447A-A866-C1C7866C837C}.Release|Any CPU.Build.0 = Release|Any CPU
		{D30FE0B5-5605-456A-949B-A9BE594F3E52}.Debug|Any CPU.ActiveCfg = Debug|Any CPU
		{D30FE0B5-5605-456A-949B-A9BE594F3E52}.Debug|Any CPU.Build.0 = Debug|Any CPU
		{D30FE0B5-5605-456A-949B-A9BE594F3E52}.Release|Any CPU.ActiveCfg = Release|Any CPU
		{D30FE0B5-5605-456A-949B-A9BE594F3E52}.Release|Any CPU.Build.0 = Release|Any CPU
		{9C3748BC-0023-4F8C-B513-67B7A9784A66}.Debug|Any CPU.ActiveCfg = Debug|Any CPU
		{9C3748BC-0023-4F8C-B513-67B7A9784A66}.Debug|Any CPU.Build.0 = Debug|Any CPU
		{9C3748BC-0023-4F8C-B513-67B7A9784A66}.Release|Any CPU.ActiveCfg = Release|Any CPU
		{9C3748BC-0023-4F8C-B513-67B7A9784A66}.Release|Any CPU.Build.0 = Release|Any CPU
		{B03C1280-5E79-4EE1-A66B-0A410AA78598}.Debug|Any CPU.ActiveCfg = Debug|Any CPU
		{B03C1280-5E79-4EE1-A66B-0A410AA78598}.Debug|Any CPU.Build.0 = Debug|Any CPU
		{B03C1280-5E79-4EE1-A66B-0A410AA78598}.Release|Any CPU.ActiveCfg = Release|Any CPU
		{B03C1280-5E79-4EE1-A66B-0A410AA78598}.Release|Any CPU.Build.0 = Release|Any CPU
		{5F58913C-1114-4CE6-B44D-1BDB49C95D7A}.Debug|Any CPU.ActiveCfg = Debug|Any CPU
		{5F58913C-1114-4CE6-B44D-1BDB49C95D7A}.Debug|Any CPU.Build.0 = Debug|Any CPU
		{5F58913C-1114-4CE6-B44D-1BDB49C95D7A}.Release|Any CPU.ActiveCfg = Release|Any CPU
		{5F58913C-1114-4CE6-B44D-1BDB49C95D7A}.Release|Any CPU.Build.0 = Release|Any CPU
		{9CA919B0-512B-4206-86A6-630B7BC2C476}.Debug|Any CPU.ActiveCfg = Debug|Any CPU
		{9CA919B0-512B-4206-86A6-630B7BC2C476}.Debug|Any CPU.Build.0 = Debug|Any CPU
		{9CA919B0-512B-4206-86A6-630B7BC2C476}.Release|Any CPU.ActiveCfg = Release|Any CPU
		{9CA919B0-512B-4206-86A6-630B7BC2C476}.Release|Any CPU.Build.0 = Release|Any CPU
	EndGlobalSection
	GlobalSection(SolutionProperties) = preSolution
		HideSolutionNode = FALSE
	EndGlobalSection
	GlobalSection(NestedProjects) = preSolution
		{3AE3200A-1BF8-4BB8-A95D-245C09107E60} = {714E47BD-FBA2-4AFE-B2F9-A304285AF6D1}
		{ECB87AA8-4312-4E5C-B460-5E84A2549D19} = {714E47BD-FBA2-4AFE-B2F9-A304285AF6D1}
		{27CF9F88-1A75-45DF-B531-8B283A80506B} = {714E47BD-FBA2-4AFE-B2F9-A304285AF6D1}
		{1DF1612E-E71C-4600-91E0-7B1EA0CCFDD9} = {2CB74AEA-011B-4BA0-A0B3-71D073B201BC}
		{05234540-FE08-4F89-A3BC-AEEF413B2F13} = {2CB74AEA-011B-4BA0-A0B3-71D073B201BC}
		{8C9CCC8D-A8A2-4E23-914C-77ECD731A18A} = {2CB74AEA-011B-4BA0-A0B3-71D073B201BC}
		{A95BD103-C136-4D23-AEB3-41694C979443} = {31579CA8-DEAA-4E5C-B1E4-76FD722E315A}
		{BE3F3A92-A814-47B6-8962-D88694C15EE0} = {31579CA8-DEAA-4E5C-B1E4-76FD722E315A}
		{80F37DC9-FC80-426B-A8BB-B49E0DA2EAA2} = {31579CA8-DEAA-4E5C-B1E4-76FD722E315A}
		{A4588AE3-6C49-4579-A888-9725523AFE8C} = {7723E4B0-60C5-4D90-BFF6-C8B1D4AE261F}
		{DE6EEC81-65C0-454D-895E-4ABDD9A4609D} = {7723E4B0-60C5-4D90-BFF6-C8B1D4AE261F}
		{8565382D-211D-47BD-A2A4-5213A2122D4B} = {7723E4B0-60C5-4D90-BFF6-C8B1D4AE261F}
		{B8CDED10-6A05-4EF1-9444-E52F3D8BED29} = {7ADB0F7D-EB76-41EE-AB45-2B2E15E889D5}
		{8101FA5E-23DE-44FD-96A0-153E5792B6E6} = {7ADB0F7D-EB76-41EE-AB45-2B2E15E889D5}
		{D5FE21B6-DC09-4E24-A1C8-10F3F319497E} = {7ADB0F7D-EB76-41EE-AB45-2B2E15E889D5}
		{E3A231A7-7C67-447A-A866-C1C7866C837C} = {6CF8475F-C656-47CC-8DD3-0A14E9F5CAE7}
		{D30FE0B5-5605-456A-949B-A9BE594F3E52} = {6CF8475F-C656-47CC-8DD3-0A14E9F5CAE7}
		{9C3748BC-0023-4F8C-B513-67B7A9784A66} = {6CF8475F-C656-47CC-8DD3-0A14E9F5CAE7}
		{B03C1280-5E79-4EE1-A66B-0A410AA78598} = {F391AB6C-FC80-4429-A311-359932A81416}
		{5F58913C-1114-4CE6-B44D-1BDB49C95D7A} = {F391AB6C-FC80-4429-A311-359932A81416}
		{9CA919B0-512B-4206-86A6-630B7BC2C476} = {F391AB6C-FC80-4429-A311-359932A81416}
	EndGlobalSection
	GlobalSection(ExtensibilityGlobals) = postSolution
		SolutionGuid = {03A24730-FBCB-4201-92DA-E8321C89056F}
	EndGlobalSection
EndGlobal
